
Microsoft Visual Studio Solution File, Format Version 12.00
# Visual Studio 2013
VisualStudioVersion = 12.0.30723.0
MinimumVisualStudioVersion = 10.0.40219.1
Project("{FAE04EC0-301F-11D3-BF4B-00C04F79EFBC}") = "WaypointReaderLib", "WaypointReaderLib\WaypointReaderLib.csproj", "{F797F8E6-3D94-4F6F-B6BC-CA114E7BDEB3}"
EndProject
Project("{FAE04EC0-301F-11D3-BF4B-00C04F79EFBC}") = "Gps.Web", "Gps.Web\Gps.Web.csproj", "{22925EAA-6DB6-4D75-BEC7-57C3BEAC151E}"
EndProject
Global
	GlobalSection(SolutionConfigurationPlatforms) = preSolution
		Debug|Any CPU = Debug|Any CPU
		Release|Any CPU = Release|Any CPU
	EndGlobalSection
	GlobalSection(ProjectConfigurationPlatforms) = postSolution
		{F797F8E6-3D94-4F6F-B6BC-CA114E7BDEB3}.Debug|Any CPU.ActiveCfg = Debug|Any CPU
		{F797F8E6-3D94-4F6F-B6BC-CA114E7BDEB3}.Debug|Any CPU.Build.0 = Debug|Any CPU
		{F797F8E6-3D94-4F6F-B6BC-CA114E7BDEB3}.Release|Any CPU.ActiveCfg = Release|Any CPU
		{F797F8E6-3D94-4F6F-B6BC-CA114E7BDEB3}.Release|Any CPU.Build.0 = Release|Any CPU
		{22925EAA-6DB6-4D75-BEC7-57C3BEAC151E}.Debug|Any CPU.ActiveCfg = Debug|Any CPU
		{22925EAA-6DB6-4D75-BEC7-57C3BEAC151E}.Debug|Any CPU.Build.0 = Debug|Any CPU
		{22925EAA-6DB6-4D75-BEC7-57C3BEAC151E}.Release|Any CPU.ActiveCfg = Release|Any CPU
		{22925EAA-6DB6-4D75-BEC7-57C3BEAC151E}.Release|Any CPU.Build.0 = Release|Any CPU
	EndGlobalSection
	GlobalSection(SolutionProperties) = preSolution
		HideSolutionNode = FALSE
	EndGlobalSection
EndGlobal
